// !$*UTF8*$!
{
	archiveVersion = 1;
	classes = {
	};
	objectVersion = 46;
	objects = {

/* Begin PBXBuildFile section */
		99649D4D1CA795B600C2253B /* MyController.m in Sources */ = {isa = PBXBuildFile; fileRef = 99649D4C1CA795B600C2253B /* MyController.m */; };
		9986FEF11CA81AB700272DFD /* MyNewViewController.m in Sources */ = {isa = PBXBuildFile; fileRef = 9986FEF01CA81AB700272DFD /* MyNewViewController.m */; };
		99C210B01CA543A20032A281 /* main.m in Sources */ = {isa = PBXBuildFile; fileRef = 99C210AF1CA543A20032A281 /* main.m */; };
		99C210B31CA543A20032A281 /* AppDelegate.m in Sources */ = {isa = PBXBuildFile; fileRef = 99C210B21CA543A20032A281 /* AppDelegate.m */; };
		99C210B61CA543A20032A281 /* ViewController.m in Sources */ = {isa = PBXBuildFile; fileRef = 99C210B51CA543A20032A281 /* ViewController.m */; };
		99C210B91CA543A20032A281 /* Main.storyboard in Resources */ = {isa = PBXBuildFile; fileRef = 99C210B71CA543A20032A281 /* Main.storyboard */; };
		99C210BB1CA543A20032A281 /* Assets.xcassets in Resources */ = {isa = PBXBuildFile; fileRef = 99C210BA1CA543A20032A281 /* Assets.xcassets */; };
		99C210BE1CA543A20032A281 /* LaunchScreen.storyboard in Resources */ = {isa = PBXBuildFile; fileRef = 99C210BC1CA543A20032A281 /* LaunchScreen.storyboard */; };
/* End PBXBuildFile section */

/* Begin PBXFileReference section */
		99649D4B1CA795B600C2253B /* MyController.h */ = {isa = PBXFileReference; fileEncoding = 4; lastKnownFileType = sourcecode.c.h; path = MyController.h; sourceTree = "<group>"; };
		99649D4C1CA795B600C2253B /* MyController.m */ = {isa = PBXFileReference; fileEncoding = 4; lastKnownFileType = sourcecode.c.objc; path = MyController.m; sourceTree = "<group>"; };
		9986FEEF1CA81AB700272DFD /* MyNewViewController.h */ = {isa = PBXFileReference; fileEncoding = 4; lastKnownFileType = sourcecode.c.h; path = MyNewViewController.h; sourceTree = "<group>"; };
		9986FEF01CA81AB700272DFD /* MyNewViewController.m */ = {isa = PBXFileReference; fileEncoding = 4; lastKnownFileType = sourcecode.c.objc; path = MyNewViewController.m; sourceTree = "<group>"; };
		99C210AB1CA543A20032A281 /* quanxian.app */ = {isa = PBXFileReference; explicitFileType = wrapper.application; includeInIndex = 0; path = quanxian.app; sourceTree = BUILT_PRODUCTS_DIR; };
		99C210AF1CA543A20032A281 /* main.m */ = {isa = PBXFileReference; lastKnownFileType = sourcecode.c.objc; path = main.m; sourceTree = "<group>"; };
		99C210B11CA543A20032A281 /* AppDelegate.h */ = {isa = PBXFileReference; lastKnownFileType = sourcecode.c.h; path = AppDelegate.h; sourceTree = "<group>"; };
		99C210B21CA543A20032A281 /* AppDelegate.m */ = {isa = PBXFileReference; lastKnownFileType = sourcecode.c.objc; path = AppDelegate.m; sourceTree = "<group>"; };
		99C210B41CA543A20032A281 /* ViewController.h */ = {isa = PBXFileReference; lastKnownFileType = sourcecode.c.h; path = ViewController.h; sourceTree = "<group>"; };
		99C210B51CA543A20032A281 /* ViewController.m */ = {isa = PBXFileReference; lastKnownFileType = sourcecode.c.objc; path = ViewController.m; sourceTree = "<group>"; };
		99C210B81CA543A20032A281 /* Base */ = {isa = PBXFileReference; lastKnownFileType = file.storyboard; name = Base; path = Base.lproj/Main.storyboard; sourceTree = "<group>"; };
		99C210BA1CA543A20032A281 /* Assets.xcassets */ = {isa = PBXFileReference; lastKnownFileType = folder.assetcatalog; path = Assets.xcassets; sourceTree = "<group>"; };
		99C210BD1CA543A20032A281 /* Base */ = {isa = PBXFileReference; lastKnownFileType = file.storyboard; name = Base; path = Base.lproj/LaunchScreen.storyboard; sourceTree = "<group>"; };
		99C210BF1CA543A20032A281 /* Info.plist */ = {isa = PBXFileReference; lastKnownFileType = text.plist.xml; path = Info.plist; sourceTree = "<group>"; };
/* End PBXFileReference section */

/* Begin PBXFrameworksBuildPhase section */
		99C210A81CA543A20032A281 /* Frameworks */ = {
			isa = PBXFrameworksBuildPhase;
			buildActionMask = 2147483647;
			files = (
			);
			runOnlyForDeploymentPostprocessing = 0;
		};
/* End PBXFrameworksBuildPhase section */

/* Begin PBXGroup section */
		99C210A21CA543A20032A281 = {
			isa = PBXGroup;
			children = (
				99C210AD1CA543A20032A281 /* quanxian */,
				99C210AC1CA543A20032A281 /* Products */,
			);
			sourceTree = "<group>";
		};
		99C210AC1CA543A20032A281 /* Products */ = {
			isa = PBXGroup;
			children = (
				99C210AB1CA543A20032A281 /* quanxian.app */,
			);
			name = Products;
			sourceTree = "<group>";
		};
		99C210AD1CA543A20032A281 /* quanxian */ = {
			isa = PBXGroup;
			children = (
				99C210B11CA543A20032A281 /* AppDelegate.h */,
				99C210B21CA543A20032A281 /* AppDelegate.m */,
				99C210B41CA543A20032A281 /* ViewController.h */,
				99C210B51CA543A20032A281 /* ViewController.m */,
				99649D4B1CA795B600C2253B /* MyController.h */,
				99649D4C1CA795B600C2253B /* MyController.m */,
				9986FEEF1CA81AB700272DFD /* MyNewViewController.h */,
				9986FEF01CA81AB700272DFD /* MyNewViewController.m */,
				99C210B71CA543A20032A281 /* Main.storyboard */,
				99C210BA1CA543A20032A281 /* Assets.xcassets */,
				99C210BC1CA543A20032A281 /* LaunchScreen.storyboard */,
				99C210BF1CA543A20032A281 /* Info.plist */,
				99C210AE1CA543A20032A281 /* Supporting Files */,
			);
			path = quanxian;
			sourceTree = "<group>";
		};
		99C210AE1CA543A20032A281 /* Supporting Files */ = {
			isa = PBXGroup;
			children = (
				99C210AF1CA543A20032A281 /* main.m */,
			);
			name = "Supporting Files";
			sourceTree = "<group>";
		};
/* End PBXGroup section */

/* Begin PBXNativeTarget section */
		99C210AA1CA543A20032A281 /* quanxian */ = {
			isa = PBXNativeTarget;
			buildConfigurationList = 99C210C21CA543A20032A281 /* Build configuration list for PBXNativeTarget "quanxian" */;
			buildPhases = (
				99C210A71CA543A20032A281 /* Sources */,
				99C210A81CA543A20032A281 /* Frameworks */,
				99C210A91CA543A20032A281 /* Resources */,
			);
			buildRules = (
			);
			dependencies = (
			);
			name = quanxian;
			productName = quanxian;
			productReference = 99C210AB1CA543A20032A281 /* quanxian.app */;
			productType = "com.apple.product-type.application";
		};
/* End PBXNativeTarget section */

/* Begin PBXProject section */
		99C210A31CA543A20032A281 /* Project object */ = {
			isa = PBXProject;
			attributes = {
				LastUpgradeCheck = 0720;
				ORGANIZATIONNAME = allin;
				TargetAttributes = {
					99C210AA1CA543A20032A281 = {
						CreatedOnToolsVersion = 7.2;
						DevelopmentTeam = Y6ASGLRCRA;
					};
				};
			};
			buildConfigurationList = 99C210A61CA543A20032A281 /* Build configuration list for PBXProject "quanxian" */;
			compatibilityVersion = "Xcode 3.2";
			developmentRegion = English;
			hasScannedForEncodings = 0;
			knownRegions = (
				en,
				Base,
			);
			mainGroup = 99C210A21CA543A20032A281;
			productRefGroup = 99C210AC1CA543A20032A281 /* Products */;
			projectDirPath = "";
			projectRoot = "";
			targets = (
				99C210AA1CA543A20032A281 /* quanxian */,
			);
		};
/* End PBXProject section */

/* Begin PBXResourcesBuildPhase section */
		99C210A91CA543A20032A281 /* Resources */ = {
			isa = PBXResourcesBuildPhase;
			buildActionMask = 2147483647;
			files = (
				99C210BE1CA543A20032A281 /* LaunchScreen.storyboard in Resources */,
				99C210BB1CA543A20032A281 /* Assets.xcassets in Resources */,
				99C210B91CA543A20032A281 /* Main.storyboard in Resources */,
			);
			runOnlyForDeploymentPostprocessing = 0;
		};
/* End PBXResourcesBuildPhase section */

/* Begin PBXSourcesBuildPhase section */
		99C210A71CA543A20032A281 /* Sources */ = {
			isa = PBXSourcesBuildPhase;
			buildActionMask = 2147483647;
			files = (
				99C210B61CA543A20032A281 /* ViewController.m in Sources */,
				99C210B31CA543A20032A281 /* AppDelegate.m in Sources */,
				99C210B01CA543A20032A281 /* main.m in Sources */,
				9986FEF11CA81AB700272DFD /* MyNewViewController.m in Sources */,
				99649D4D1CA795B600C2253B /* MyController.m in Sources */,
			);
			runOnlyForDeploymentPostprocessing = 0;
		};
/* End PBXSourcesBuildPhase section */

/* Begin PBXVariantGroup section */
		99C210B71CA543A20032A281 /* Main.storyboard */ = {
			isa = PBXVariantGroup;
			children = (
				99C210B81CA543A20032A281 /* Base */,
			);
			name = Main.storyboard;
			sourceTree = "<group>";
		};
		99C210BC1CA543A20032A281 /* LaunchScreen.storyboard */ = {
			isa = PBXVariantGroup;
			children = (
				99C210BD1CA543A20032A281 /* Base */,
			);
			name = LaunchScreen.storyboard;
			sourceTree = "<group>";
		};
/* End PBXVariantGroup section */

/* Begin XCBuildConfiguration section */
		99C210C01CA543A20032A281 /* Debug */ = {
			isa = XCBuildConfiguration;
			buildSettings = {
				ALWAYS_SEARCH_USER_PATHS = NO;
				CLANG_CXX_LANGUAGE_STANDARD = "gnu++0x";
				CLANG_CXX_LIBRARY = "libc++";
				CLANG_ENABLE_MODULES = YES;
				CLANG_ENABLE_OBJC_ARC = YES;
				CLANG_WARN_BOOL_CONVERSION = YES;
				CLANG_WARN_CONSTANT_CONVERSION = YES;
				CLANG_WARN_DIRECT_OBJC_ISA_USAGE = YES_ERROR;
				CLANG_WARN_EMPTY_BODY = YES;
				CLANG_WARN_ENUM_CONVERSION = YES;
				CLANG_WARN_INT_CONVERSION = YES;
				CLANG_WARN_OBJC_ROOT_CLASS = YES_ERROR;
				CLANG_WARN_UNREACHABLE_CODE = YES;
				CLANG_WARN__DUPLICATE_METHOD_MATCH = YES;
				"CODE_SIGN_IDENTITY[sdk=iphoneos*]" = "iPhone Developer";
				COPY_PHASE_STRIP = NO;
				DEBUG_INFORMATION_FORMAT = dwarf;
				ENABLE_STRICT_OBJC_MSGSEND = YES;
				ENABLE_TESTABILITY = YES;
				GCC_C_LANGUAGE_STANDARD = gnu99;
				GCC_DYNAMIC_NO_PIC = NO;
				GCC_NO_COMMON_BLOCKS = YES;
				GCC_OPTIMIZATION_LEVEL = 0;
				GCC_PREPROCESSOR_DEFINITIONS = (
					"DEBUG=1",
					"$(inherited)",
				);
				GCC_WARN_64_TO_32_BIT_CONVERSION = YES;
				GCC_WARN_ABOUT_RETURN_TYPE = YES_ERROR;
				GCC_WARN_UNDECLARED_SELECTOR = YES;
				GCC_WARN_UNINITIALIZED_AUTOS = YES_AGGRESSIVE;
				GCC_WARN_UNUSED_FUNCTION = YES;
				GCC_WARN_UNUSED_VARIABLE = YES;
				IPHONEOS_DEPLOYMENT_TARGET = 9.2;
				MTL_ENABLE_DEBUG_INFO = YES;
				ONLY_ACTIVE_ARCH = YES;
				SDKROOT = iphoneos;
				TARGETED_DEVICE_FAMILY = "1,2";
			};
			name = Debug;
		};
		99C210C11CA543A20032A281 /* Release */ = {
			isa = XCBuildConfiguration;
			buildSettings = {
				ALWAYS_SEARCH_USER_PATHS = NO;
				CLANG_CXX_LANGUAGE_STANDARD = "gnu++0x";
				CLANG_CXX_LIBRARY = "libc++";
				CLANG_ENABLE_MODULES = YES;
				CLANG_ENABLE_OBJC_ARC = YES;
				CLANG_WARN_BOOL_CONVERSION = YES;
				CLANG_WARN_CONSTANT_CONVERSION = YES;
				CLANG_WARN_DIRECT_OBJC_ISA_USAGE = YES_ERROR;
				CLANG_WARN_EMPTY_BODY = YES;
				CLANG_WARN_ENUM_CONVERSION = YES;
				CLANG_WARN_INT_CONVERSION = YES;
				CLANG_WARN_OBJC_ROOT_CLASS = YES_ERROR;
				CLANG_WARN_UNREACHABLE_CODE = YES;
				CLANG_WARN__DUPLICATE_METHOD_MATCH = YES;
				"CODE_SIGN_IDENTITY[sdk=iphoneos*]" = "iPhone Developer";
				COPY_PHASE_STRIP = NO;
				DEBUG_INFORMATION_FORMAT = "dwarf-with-dsym";
				ENABLE_NS_ASSERTIONS = NO;
				ENABLE_STRICT_OBJC_MSGSEND = YES;
				GCC_C_LANGUAGE_STANDARD = gnu99;
				GCC_NO_COMMON_BLOCKS = YES;
				GCC_WARN_64_TO_32_BIT_CONVERSION = YES;
				GCC_WARN_ABOUT_RETURN_TYPE = YES_ERROR;
				GCC_WARN_UNDECLARED_SELECTOR = YES;
				GCC_WARN_UNINITIALIZED_AUTOS = YES_AGGRESSIVE;
				GCC_WARN_UNUSED_FUNCTION = YES;
				GCC_WARN_UNUSED_VARIABLE = YES;
				IPHONEOS_DEPLOYMENT_TARGET = 9.2;
				MTL_ENABLE_DEBUG_INFO = NO;
				SDKROOT = iphoneos;
				TARGETED_DEVICE_FAMILY = "1,2";
				VALIDATE_PRODUCT = YES;
			};
			name = Release;
		};
		99C210C31CA543A20032A281 /* Debug */ = {
			isa = XCBuildConfiguration;
			buildSettings = {
				ASSETCATALOG_COMPILER_APPICON_NAME = AppIcon;
				INFOPLIST_FILE = quanxian/Info.plist;
				LD_RUNPATH_SEARCH_PATHS = "$(inherited) @executable_path/Frameworks";
				PRODUCT_BUNDLE_IDENTIFIER = test.quanxian;
				PRODUCT_NAME = "$(TARGET_NAME)";
			};
			name = Debug;
		};
		99C210C41CA543A20032A281 /* Release */ = {
			isa = XCBuildConfiguration;
			buildSettings = {
				ASSETCATALOG_COMPILER_APPICON_NAME = AppIcon;
				INFOPLIST_FILE = quanxian/Info.plist;
				LD_RUNPATH_SEARCH_PATHS = "$(inherited) @executable_path/Frameworks";
				PRODUCT_BUNDLE_IDENTIFIER = test.quanxian;
				PRODUCT_NAME = "$(TARGET_NAME)";
			};
			name = Release;
		};
/* End XCBuildConfiguration section */

/* Begin XCConfigurationList section */
		99C210A61CA543A20032A281 /* Build configuration list for PBXProject "quanxian" */ = {
			isa = XCConfigurationList;
			buildConfigurations = (
				99C210C01CA543A20032A281 /* Debug */,
				99C210C11CA543A20032A281 /* Release */,
			);
			defaultConfigurationIsVisible = 0;
			defaultConfigurationName = Release;
		};
		99C210C21CA543A20032A281 /* Build configuration list for PBXNativeTarget "quanxian" */ = {
			isa = XCConfigurationList;
			buildConfigurations = (
				99C210C31CA543A20032A281 /* Debug */,
				99C210C41CA543A20032A281 /* Release */,
			);
			defaultConfigurationIsVisible = 0;
			defaultConfigurationName = Release;
		};
/* End XCConfigurationList section */
	};
	rootObject = 99C210A31CA543A20032A281 /* Project object */;
}
